
Microsoft Visual Studio Solution File, Format Version 12.00
# Visual Studio Version 17
VisualStudioVersion = 17.11.35303.130
MinimumVisualStudioVersion = 10.0.40219.1
Project("{FAE04EC0-301F-11D3-BF4B-00C04F79EFBC}") = "MimeCheck", "MimeCheck\MimeCheck.csproj", "{7DF0053B-5D60-4AB6-9130-5984F17A163C}"
EndProject
Global
	GlobalSection(SolutionConfigurationPlatforms) = preSolution
		Debug|Any CPU = Debug|Any CPU
		Release|Any CPU = Release|Any CPU
	EndGlobalSection
	GlobalSection(ProjectConfigurationPlatforms) = postSolution
		{7DF0053B-5D60-4AB6-9130-5984F17A163C}.Debug|Any CPU.ActiveCfg = Debug|Any CPU
		{7DF0053B-5D60-4AB6-9130-5984F17A163C}.Debug|Any CPU.Build.0 = Debug|Any CPU
		{7DF0053B-5D60-4AB6-9130-5984F17A163C}.Release|Any CPU.ActiveCfg = Release|Any CPU
		{7DF0053B-5D60-4AB6-9130-5984F17A163C}.Release|Any CPU.Build.0 = Release|Any CPU
	EndGlobalSection
	GlobalSection(SolutionProperties) = preSolution
		HideSolutionNode = FALSE
	EndGlobalSection
	GlobalSection(ExtensibilityGlobals) = postSolution
		SolutionGuid = {246A3004-39D4-4F98-A300-8A03B2368932}
	EndGlobalSection
EndGlobal
